// !$*UTF8*$!
{
	archiveVersion = 1;
	classes = {
	};
	objectVersion = 46;
	objects = {

/* Begin PBXBuildFile section */
		8E330F9A1D6546D400F2A574 /* View.swift in Sources */ = {isa = PBXBuildFile; fileRef = 8E330F991D6546D400F2A574 /* View.swift */; };
		8EA2D7871D64D5B800B4CAA0 /* AppDelegate.swift in Sources */ = {isa = PBXBuildFile; fileRef = 8EA2D7861D64D5B800B4CAA0 /* AppDelegate.swift */; };
		8EA2D7891D64D5B800B4CAA0 /* ViewController.swift in Sources */ = {isa = PBXBuildFile; fileRef = 8EA2D7881D64D5B800B4CAA0 /* ViewController.swift */; };
		8EA2D78C1D64D5B800B4CAA0 /* Main.storyboard in Resources */ = {isa = PBXBuildFile; fileRef = 8EA2D78A1D64D5B800B4CAA0 /* Main.storyboard */; };
		8EA2D78E1D64D5B800B4CAA0 /* Assets.xcassets in Resources */ = {isa = PBXBuildFile; fileRef = 8EA2D78D1D64D5B800B4CAA0 /* Assets.xcassets */; };
		8EA2D7911D64D5B800B4CAA0 /* LaunchScreen.storyboard in Resources */ = {isa = PBXBuildFile; fileRef = 8EA2D78F1D64D5B800B4CAA0 /* LaunchScreen.storyboard */; };
		8EA2D79C1D64D5B800B4CAA0 /* TechFactsTests.swift in Sources */ = {isa = PBXBuildFile; fileRef = 8EA2D79B1D64D5B800B4CAA0 /* TechFactsTests.swift */; };
		8EA2D7A71D64D5B800B4CAA0 /* TechFactsUITests.swift in Sources */ = {isa = PBXBuildFile; fileRef = 8EA2D7A61D64D5B800B4CAA0 /* TechFactsUITests.swift */; };
		8EA2D7B51D64D6CD00B4CAA0 /* facts.txt in Resources */ = {isa = PBXBuildFile; fileRef = 8EA2D7B41D64D6CD00B4CAA0 /* facts.txt */; };
		8EA2D7B71D653B3B00B4CAA0 /* Brain.swift in Sources */ = {isa = PBXBuildFile; fileRef = 8EA2D7B61D653B3B00B4CAA0 /* Brain.swift */; };
/* End PBXBuildFile section */

/* Begin PBXContainerItemProxy section */
		8EA2D7981D64D5B800B4CAA0 /* PBXContainerItemProxy */ = {
			isa = PBXContainerItemProxy;
			containerPortal = 8EA2D77B1D64D5B800B4CAA0 /* Project object */;
			proxyType = 1;
			remoteGlobalIDString = 8EA2D7821D64D5B800B4CAA0;
			remoteInfo = TechFacts;
		};
		8EA2D7A31D64D5B800B4CAA0 /* PBXContainerItemProxy */ = {
			isa = PBXContainerItemProxy;
			containerPortal = 8EA2D77B1D64D5B800B4CAA0 /* Project object */;
			proxyType = 1;
			remoteGlobalIDString = 8EA2D7821D64D5B800B4CAA0;
			remoteInfo = TechFacts;
		};
/* End PBXContainerItemProxy section */

/* Begin PBXFileReference section */
		8E330F991D6546D400F2A574 /* View.swift */ = {isa = PBXFileReference; fileEncoding = 4; lastKnownFileType = sourcecode.swift; path = View.swift; sourceTree = "<group>"; };
		8EA2D7831D64D5B800B4CAA0 /* TechFacts.app */ = {isa = PBXFileReference; explicitFileType = wrapper.application; includeInIndex = 0; path = TechFacts.app; sourceTree = BUILT_PRODUCTS_DIR; };
		8EA2D7861D64D5B800B4CAA0 /* AppDelegate.swift */ = {isa = PBXFileReference; lastKnownFileType = sourcecode.swift; path = AppDelegate.swift; sourceTree = "<group>"; };
		8EA2D7881D64D5B800B4CAA0 /* ViewController.swift */ = {isa = PBXFileReference; lastKnownFileType = sourcecode.swift; path = ViewController.swift; sourceTree = "<group>"; };
		8EA2D78B1D64D5B800B4CAA0 /* Base */ = {isa = PBXFileReference; lastKnownFileType = file.storyboard; name = Base; path = Base.lproj/Main.storyboard; sourceTree = "<group>"; };
		8EA2D78D1D64D5B800B4CAA0 /* Assets.xcassets */ = {isa = PBXFileReference; lastKnownFileType = folder.assetcatalog; path = Assets.xcassets; sourceTree = "<group>"; };
		8EA2D7901D64D5B800B4CAA0 /* Base */ = {isa = PBXFileReference; lastKnownFileType = file.storyboard; name = Base; path = Base.lproj/LaunchScreen.storyboard; sourceTree = "<group>"; };
		8EA2D7921D64D5B800B4CAA0 /* Info.plist */ = {isa = PBXFileReference; lastKnownFileType = text.plist.xml; path = Info.plist; sourceTree = "<group>"; };
		8EA2D7971D64D5B800B4CAA0 /* TechFactsTests.xctest */ = {isa = PBXFileReference; explicitFileType = wrapper.cfbundle; includeInIndex = 0; path = TechFactsTests.xctest; sourceTree = BUILT_PRODUCTS_DIR; };
		8EA2D79B1D64D5B800B4CAA0 /* TechFactsTests.swift */ = {isa = PBXFileReference; lastKnownFileType = sourcecode.swift; path = TechFactsTests.swift; sourceTree = "<group>"; };
		8EA2D79D1D64D5B800B4CAA0 /* Info.plist */ = {isa = PBXFileReference; lastKnownFileType = text.plist.xml; path = Info.plist; sourceTree = "<group>"; };
		8EA2D7A21D64D5B800B4CAA0 /* TechFactsUITests.xctest */ = {isa = PBXFileReference; explicitFileType = wrapper.cfbundle; includeInIndex = 0; path = TechFactsUITests.xctest; sourceTree = BUILT_PRODUCTS_DIR; };
		8EA2D7A61D64D5B800B4CAA0 /* TechFactsUITests.swift */ = {isa = PBXFileReference; lastKnownFileType = sourcecode.swift; path = TechFactsUITests.swift; sourceTree = "<group>"; };
		8EA2D7A81D64D5B800B4CAA0 /* Info.plist */ = {isa = PBXFileReference; lastKnownFileType = text.plist.xml; path = Info.plist; sourceTree = "<group>"; };
		8EA2D7B41D64D6CD00B4CAA0 /* facts.txt */ = {isa = PBXFileReference; fileEncoding = 4; lastKnownFileType = text; path = facts.txt; sourceTree = "<group>"; };
		8EA2D7B61D653B3B00B4CAA0 /* Brain.swift */ = {isa = PBXFileReference; fileEncoding = 4; lastKnownFileType = sourcecode.swift; path = Brain.swift; sourceTree = "<group>"; };
/* End PBXFileReference section */

/* Begin PBXFrameworksBuildPhase section */
		8EA2D7801D64D5B800B4CAA0 /* Frameworks */ = {
			isa = PBXFrameworksBuildPhase;
			buildActionMask = 2147483647;
			files = (
			);
			runOnlyForDeploymentPostprocessing = 0;
		};
		8EA2D7941D64D5B800B4CAA0 /* Frameworks */ = {
			isa = PBXFrameworksBuildPhase;
			buildActionMask = 2147483647;
			files = (
			);
			runOnlyForDeploymentPostprocessing = 0;
		};
		8EA2D79F1D64D5B800B4CAA0 /* Frameworks */ = {
			isa = PBXFrameworksBuildPhase;
			buildActionMask = 2147483647;
			files = (
			);
			runOnlyForDeploymentPostprocessing = 0;
		};
/* End PBXFrameworksBuildPhase section */

/* Begin PBXGroup section */
		8EA2D77A1D64D5B800B4CAA0 = {
			isa = PBXGroup;
			children = (
				8EA2D7851D64D5B800B4CAA0 /* TechFacts */,
				8EA2D79A1D64D5B800B4CAA0 /* TechFactsTests */,
				8EA2D7A51D64D5B800B4CAA0 /* TechFactsUITests */,
				8EA2D7841D64D5B800B4CAA0 /* Products */,
			);
			sourceTree = "<group>";
		};
		8EA2D7841D64D5B800B4CAA0 /* Products */ = {
			isa = PBXGroup;
			children = (
				8EA2D7831D64D5B800B4CAA0 /* TechFacts.app */,
				8EA2D7971D64D5B800B4CAA0 /* TechFactsTests.xctest */,
				8EA2D7A21D64D5B800B4CAA0 /* TechFactsUITests.xctest */,
			);
			name = Products;
			sourceTree = "<group>";
		};
		8EA2D7851D64D5B800B4CAA0 /* TechFacts */ = {
			isa = PBXGroup;
			children = (
				8EA2D7861D64D5B800B4CAA0 /* AppDelegate.swift */,
				8EA2D7881D64D5B800B4CAA0 /* ViewController.swift */,
				8EA2D7B61D653B3B00B4CAA0 /* Brain.swift */,
				8EA2D7B41D64D6CD00B4CAA0 /* facts.txt */,
				8EA2D78A1D64D5B800B4CAA0 /* Main.storyboard */,
				8E330F991D6546D400F2A574 /* View.swift */,
				8EA2D78D1D64D5B800B4CAA0 /* Assets.xcassets */,
				8EA2D78F1D64D5B800B4CAA0 /* LaunchScreen.storyboard */,
				8EA2D7921D64D5B800B4CAA0 /* Info.plist */,
			);
			path = TechFacts;
			sourceTree = "<group>";
		};
		8EA2D79A1D64D5B800B4CAA0 /* TechFactsTests */ = {
			isa = PBXGroup;
			children = (
				8EA2D79B1D64D5B800B4CAA0 /* TechFactsTests.swift */,
				8EA2D79D1D64D5B800B4CAA0 /* Info.plist */,
			);
			path = TechFactsTests;
			sourceTree = "<group>";
		};
		8EA2D7A51D64D5B800B4CAA0 /* TechFactsUITests */ = {
			isa = PBXGroup;
			children = (
				8EA2D7A61D64D5B800B4CAA0 /* TechFactsUITests.swift */,
				8EA2D7A81D64D5B800B4CAA0 /* Info.plist */,
			);
			path = TechFactsUITests;
			sourceTree = "<group>";
		};
/* End PBXGroup section */

/* Begin PBXNativeTarget section */
		8EA2D7821D64D5B800B4CAA0 /* TechFacts */ = {
			isa = PBXNativeTarget;
			buildConfigurationList = 8EA2D7AB1D64D5B800B4CAA0 /* Build configuration list for PBXNativeTarget "TechFacts" */;
			buildPhases = (
				8EA2D77F1D64D5B800B4CAA0 /* Sources */,
				8EA2D7801D64D5B800B4CAA0 /* Frameworks */,
				8EA2D7811D64D5B800B4CAA0 /* Resources */,
			);
			buildRules = (
			);
			dependencies = (
			);
			name = TechFacts;
			productName = TechFacts;
			productReference = 8EA2D7831D64D5B800B4CAA0 /* TechFacts.app */;
			productType = "com.apple.product-type.application";
		};
		8EA2D7961D64D5B800B4CAA0 /* TechFactsTests */ = {
			isa = PBXNativeTarget;
			buildConfigurationList = 8EA2D7AE1D64D5B800B4CAA0 /* Build configuration list for PBXNativeTarget "TechFactsTests" */;
			buildPhases = (
				8EA2D7931D64D5B800B4CAA0 /* Sources */,
				8EA2D7941D64D5B800B4CAA0 /* Frameworks */,
				8EA2D7951D64D5B800B4CAA0 /* Resources */,
			);
			buildRules = (
			);
			dependencies = (
				8EA2D7991D64D5B800B4CAA0 /* PBXTargetDependency */,
			);
			name = TechFactsTests;
			productName = TechFactsTests;
			productReference = 8EA2D7971D64D5B800B4CAA0 /* TechFactsTests.xctest */;
			productType = "com.apple.product-type.bundle.unit-test";
		};
		8EA2D7A11D64D5B800B4CAA0 /* TechFactsUITests */ = {
			isa = PBXNativeTarget;
			buildConfigurationList = 8EA2D7B11D64D5B800B4CAA0 /* Build configuration list for PBXNativeTarget "TechFactsUITests" */;
			buildPhases = (
				8EA2D79E1D64D5B800B4CAA0 /* Sources */,
				8EA2D79F1D64D5B800B4CAA0 /* Frameworks */,
				8EA2D7A01D64D5B800B4CAA0 /* Resources */,
			);
			buildRules = (
			);
			dependencies = (
				8EA2D7A41D64D5B800B4CAA0 /* PBXTargetDependency */,
			);
			name = TechFactsUITests;
			productName = TechFactsUITests;
			productReference = 8EA2D7A21D64D5B800B4CAA0 /* TechFactsUITests.xctest */;
			productType = "com.apple.product-type.bundle.ui-testing";
		};
/* End PBXNativeTarget section */

/* Begin PBXProject section */
		8EA2D77B1D64D5B800B4CAA0 /* Project object */ = {
			isa = PBXProject;
			attributes = {
				LastSwiftUpdateCheck = 0730;
				LastUpgradeCheck = 0730;
				ORGANIZATIONNAME = "Amanda Milloy";
				TargetAttributes = {
					8EA2D7821D64D5B800B4CAA0 = {
						CreatedOnToolsVersion = 7.3;
					};
					8EA2D7961D64D5B800B4CAA0 = {
						CreatedOnToolsVersion = 7.3;
						TestTargetID = 8EA2D7821D64D5B800B4CAA0;
					};
					8EA2D7A11D64D5B800B4CAA0 = {
						CreatedOnToolsVersion = 7.3;
						TestTargetID = 8EA2D7821D64D5B800B4CAA0;
					};
				};
			};
			buildConfigurationList = 8EA2D77E1D64D5B800B4CAA0 /* Build configuration list for PBXProject "TechFacts" */;
			compatibilityVersion = "Xcode 3.2";
			developmentRegion = English;
			hasScannedForEncodings = 0;
			knownRegions = (
				en,
				Base,
			);
			mainGroup = 8EA2D77A1D64D5B800B4CAA0;
			productRefGroup = 8EA2D7841D64D5B800B4CAA0 /* Products */;
			projectDirPath = "";
			projectRoot = "";
			targets = (
				8EA2D7821D64D5B800B4CAA0 /* TechFacts */,
				8EA2D7961D64D5B800B4CAA0 /* TechFactsTests */,
				8EA2D7A11D64D5B800B4CAA0 /* TechFactsUITests */,
			);
		};
/* End PBXProject section */

/* Begin PBXResourcesBuildPhase section */
		8EA2D7811D64D5B800B4CAA0 /* Resources */ = {
			isa = PBXResourcesBuildPhase;
			buildActionMask = 2147483647;
			files = (
				8EA2D7B51D64D6CD00B4CAA0 /* facts.txt in Resources */,
				8EA2D7911D64D5B800B4CAA0 /* LaunchScreen.storyboard in Resources */,
				8EA2D78E1D64D5B800B4CAA0 /* Assets.xcassets in Resources */,
				8EA2D78C1D64D5B800B4CAA0 /* Main.storyboard in Resources */,
			);
			runOnlyForDeploymentPostprocessing = 0;
		};
		8EA2D7951D64D5B800B4CAA0 /* Resources */ = {
			isa = PBXResourcesBuildPhase;
			buildActionMask = 2147483647;
			files = (
			);
			runOnlyForDeploymentPostprocessing = 0;
		};
		8EA2D7A01D64D5B800B4CAA0 /* Resources */ = {
			isa = PBXResourcesBuildPhase;
			buildActionMask = 2147483647;
			files = (
			);
			runOnlyForDeploymentPostprocessing = 0;
		};
/* End PBXResourcesBuildPhase section */

/* Begin PBXSourcesBuildPhase section */
		8EA2D77F1D64D5B800B4CAA0 /* Sources */ = {
			isa = PBXSourcesBuildPhase;
			buildActionMask = 2147483647;
			files = (
				8E330F9A1D6546D400F2A574 /* View.swift in Sources */,
				8EA2D7891D64D5B800B4CAA0 /* ViewController.swift in Sources */,
				8EA2D7B71D653B3B00B4CAA0 /* Brain.swift in Sources */,
				8EA2D7871D64D5B800B4CAA0 /* AppDelegate.swift in Sources */,
			);
			runOnlyForDeploymentPostprocessing = 0;
		};
		8EA2D7931D64D5B800B4CAA0 /* Sources */ = {
			isa = PBXSourcesBuildPhase;
			buildActionMask = 2147483647;
			files = (
				8EA2D79C1D64D5B800B4CAA0 /* TechFactsTests.swift in Sources */,
			);
			runOnlyForDeploymentPostprocessing = 0;
		};
		8EA2D79E1D64D5B800B4CAA0 /* Sources */ = {
			isa = PBXSourcesBuildPhase;
			buildActionMask = 2147483647;
			files = (
				8EA2D7A71D64D5B800B4CAA0 /* TechFactsUITests.swift in Sources */,
			);
			runOnlyForDeploymentPostprocessing = 0;
		};
/* End PBXSourcesBuildPhase section */

/* Begin PBXTargetDependency section */
		8EA2D7991D64D5B800B4CAA0 /* PBXTargetDependency */ = {
			isa = PBXTargetDependency;
			target = 8EA2D7821D64D5B800B4CAA0 /* TechFacts */;
			targetProxy = 8EA2D7981D64D5B800B4CAA0 /* PBXContainerItemProxy */;
		};
		8EA2D7A41D64D5B800B4CAA0 /* PBXTargetDependency */ = {
			isa = PBXTargetDependency;
			target = 8EA2D7821D64D5B800B4CAA0 /* TechFacts */;
			targetProxy = 8EA2D7A31D64D5B800B4CAA0 /* PBXContainerItemProxy */;
		};
/* End PBXTargetDependency section */

/* Begin PBXVariantGroup section */
		8EA2D78A1D64D5B800B4CAA0 /* Main.storyboard */ = {
			isa = PBXVariantGroup;
			children = (
				8EA2D78B1D64D5B800B4CAA0 /* Base */,
			);
			name = Main.storyboard;
			sourceTree = "<group>";
		};
		8EA2D78F1D64D5B800B4CAA0 /* LaunchScreen.storyboard */ = {
			isa = PBXVariantGroup;
			children = (
				8EA2D7901D64D5B800B4CAA0 /* Base */,
			);
			name = LaunchScreen.storyboard;
			sourceTree = "<group>";
		};
/* End PBXVariantGroup section */

/* Begin XCBuildConfiguration section */
		8EA2D7A91D64D5B800B4CAA0 /* Debug */ = {
			isa = XCBuildConfiguration;
			buildSettings = {
				ALWAYS_SEARCH_USER_PATHS = NO;
				CLANG_ANALYZER_NONNULL = YES;
				CLANG_CXX_LANGUAGE_STANDARD = "gnu++0x";
				CLANG_CXX_LIBRARY = "libc++";
				CLANG_ENABLE_MODULES = YES;
				CLANG_ENABLE_OBJC_ARC = YES;
				CLANG_WARN_BOOL_CONVERSION = YES;
				CLANG_WARN_CONSTANT_CONVERSION = YES;
				CLANG_WARN_DIRECT_OBJC_ISA_USAGE = YES_ERROR;
				CLANG_WARN_EMPTY_BODY = YES;
				CLANG_WARN_ENUM_CONVERSION = YES;
				CLANG_WARN_INT_CONVERSION = YES;
				CLANG_WARN_OBJC_ROOT_CLASS = YES_ERROR;
				CLANG_WARN_UNREACHABLE_CODE = YES;
				CLANG_WARN__DUPLICATE_METHOD_MATCH = YES;
				"CODE_SIGN_IDENTITY[sdk=iphoneos*]" = "iPhone Developer";
				COPY_PHASE_STRIP = NO;
				DEBUG_INFORMATION_FORMAT = dwarf;
				ENABLE_STRICT_OBJC_MSGSEND = YES;
				ENABLE_TESTABILITY = YES;
				GCC_C_LANGUAGE_STANDARD = gnu99;
				GCC_DYNAMIC_NO_PIC = NO;
				GCC_NO_COMMON_BLOCKS = YES;
				GCC_OPTIMIZATION_LEVEL = 0;
				GCC_PREPROCESSOR_DEFINITIONS = (
					"DEBUG=1",
					"$(inherited)",
				);
				GCC_WARN_64_TO_32_BIT_CONVERSION = YES;
				GCC_WARN_ABOUT_RETURN_TYPE = YES_ERROR;
				GCC_WARN_UNDECLARED_SELECTOR = YES;
				GCC_WARN_UNINITIALIZED_AUTOS = YES_AGGRESSIVE;
				GCC_WARN_UNUSED_FUNCTION = YES;
				GCC_WARN_UNUSED_VARIABLE = YES;
				IPHONEOS_DEPLOYMENT_TARGET = 9.3;
				MTL_ENABLE_DEBUG_INFO = YES;
				ONLY_ACTIVE_ARCH = YES;
				SDKROOT = iphoneos;
				SWIFT_OPTIMIZATION_LEVEL = "-Onone";
				TARGETED_DEVICE_FAMILY = "1,2";
			};
			name = Debug;
		};
		8EA2D7AA1D64D5B800B4CAA0 /* Release */ = {
			isa = XCBuildConfiguration;
			buildSettings = {
				ALWAYS_SEARCH_USER_PATHS = NO;
				CLANG_ANALYZER_NONNULL = YES;
				CLANG_CXX_LANGUAGE_STANDARD = "gnu++0x";
				CLANG_CXX_LIBRARY = "libc++";
				CLANG_ENABLE_MODULES = YES;
				CLANG_ENABLE_OBJC_ARC = YES;
				CLANG_WARN_BOOL_CONVERSION = YES;
				CLANG_WARN_CONSTANT_CONVERSION = YES;
				CLANG_WARN_DIRECT_OBJC_ISA_USAGE = YES_ERROR;
				CLANG_WARN_EMPTY_BODY = YES;
				CLANG_WARN_ENUM_CONVERSION = YES;
				CLANG_WARN_INT_CONVERSION = YES;
				CLANG_WARN_OBJC_ROOT_CLASS = YES_ERROR;
				CLANG_WARN_UNREACHABLE_CODE = YES;
				CLANG_WARN__DUPLICATE_METHOD_MATCH = YES;
				"CODE_SIGN_IDENTITY[sdk=iphoneos*]" = "iPhone Developer";
				COPY_PHASE_STRIP = NO;
				DEBUG_INFORMATION_FORMAT = "dwarf-with-dsym";
				ENABLE_NS_ASSERTIONS = NO;
				ENABLE_STRICT_OBJC_MSGSEND = YES;
				GCC_C_LANGUAGE_STANDARD = gnu99;
				GCC_NO_COMMON_BLOCKS = YES;
				GCC_WARN_64_TO_32_BIT_CONVERSION = YES;
				GCC_WARN_ABOUT_RETURN_TYPE = YES_ERROR;
				GCC_WARN_UNDECLARED_SELECTOR = YES;
				GCC_WARN_UNINITIALIZED_AUTOS = YES_AGGRESSIVE;
				GCC_WARN_UNUSED_FUNCTION = YES;
				GCC_WARN_UNUSED_VARIABLE = YES;
				IPHONEOS_DEPLOYMENT_TARGET = 9.3;
				MTL_ENABLE_DEBUG_INFO = NO;
				SDKROOT = iphoneos;
				TARGETED_DEVICE_FAMILY = "1,2";
				VALIDATE_PRODUCT = YES;
			};
			name = Release;
		};
		8EA2D7AC1D64D5B800B4CAA0 /* Debug */ = {
			isa = XCBuildConfiguration;
			buildSettings = {
				ASSETCATALOG_COMPILER_APPICON_NAME = AppIcon;
				INFOPLIST_FILE = TechFacts/Info.plist;
				LD_RUNPATH_SEARCH_PATHS = "$(inherited) @executable_path/Frameworks";
				PRODUCT_BUNDLE_IDENTIFIER = com.bowdoin.TechFacts;
				PRODUCT_NAME = "$(TARGET_NAME)";
			};
			name = Debug;
		};
		8EA2D7AD1D64D5B800B4CAA0 /* Release */ = {
			isa = XCBuildConfiguration;
			buildSettings = {
				ASSETCATALOG_COMPILER_APPICON_NAME = AppIcon;
				INFOPLIST_FILE = TechFacts/Info.plist;
				LD_RUNPATH_SEARCH_PATHS = "$(inherited) @executable_path/Frameworks";
				PRODUCT_BUNDLE_IDENTIFIER = com.bowdoin.TechFacts;
				PRODUCT_NAME = "$(TARGET_NAME)";
			};
			name = Release;
		};
		8EA2D7AF1D64D5B800B4CAA0 /* Debug */ = {
			isa = XCBuildConfiguration;
			buildSettings = {
				BUNDLE_LOADER = "$(TEST_HOST)";
				INFOPLIST_FILE = TechFactsTests/Info.plist;
				LD_RUNPATH_SEARCH_PATHS = "$(inherited) @executable_path/Frameworks @loader_path/Frameworks";
				PRODUCT_BUNDLE_IDENTIFIER = com.bowdoin.TechFactsTests;
				PRODUCT_NAME = "$(TARGET_NAME)";
				TEST_HOST = "$(BUILT_PRODUCTS_DIR)/TechFacts.app/TechFacts";
			};
			name = Debug;
		};
		8EA2D7B01D64D5B800B4CAA0 /* Release */ = {
			isa = XCBuildConfiguration;
			buildSettings = {
				BUNDLE_LOADER = "$(TEST_HOST)";
				INFOPLIST_FILE = TechFactsTests/Info.plist;
				LD_RUNPATH_SEARCH_PATHS = "$(inherited) @executable_path/Frameworks @loader_path/Frameworks";
				PRODUCT_BUNDLE_IDENTIFIER = com.bowdoin.TechFactsTests;
				PRODUCT_NAME = "$(TARGET_NAME)";
				TEST_HOST = "$(BUILT_PRODUCTS_DIR)/TechFacts.app/TechFacts";
			};
			name = Release;
		};
		8EA2D7B21D64D5B800B4CAA0 /* Debug */ = {
			isa = XCBuildConfiguration;
			buildSettings = {
				INFOPLIST_FILE = TechFactsUITests/Info.plist;
				LD_RUNPATH_SEARCH_PATHS = "$(inherited) @executable_path/Frameworks @loader_path/Frameworks";
				PRODUCT_BUNDLE_IDENTIFIER = com.bowdoin.TechFactsUITests;
				PRODUCT_NAME = "$(TARGET_NAME)";
				TEST_TARGET_NAME = TechFacts;
			};
			name = Debug;
		};
		8EA2D7B31D64D5B800B4CAA0 /* Release */ = {
			isa = XCBuildConfiguration;
			buildSettings = {
				INFOPLIST_FILE = TechFactsUITests/Info.plist;
				LD_RUNPATH_SEARCH_PATHS = "$(inherited) @executable_path/Frameworks @loader_path/Frameworks";
				PRODUCT_BUNDLE_IDENTIFIER = com.bowdoin.TechFactsUITests;
				PRODUCT_NAME = "$(TARGET_NAME)";
				TEST_TARGET_NAME = TechFacts;
			};
			name = Release;
		};
/* End XCBuildConfiguration section */

/* Begin XCConfigurationList section */
		8EA2D77E1D64D5B800B4CAA0 /* Build configuration list for PBXProject "TechFacts" */ = {
			isa = XCConfigurationList;
			buildConfigurations = (
				8EA2D7A91D64D5B800B4CAA0 /* Debug */,
				8EA2D7AA1D64D5B800B4CAA0 /* Release */,
			);
			defaultConfigurationIsVisible = 0;
			defaultConfigurationName = Release;
		};
		8EA2D7AB1D64D5B800B4CAA0 /* Build configuration list for PBXNativeTarget "TechFacts" */ = {
			isa = XCConfigurationList;
			buildConfigurations = (
				8EA2D7AC1D64D5B800B4CAA0 /* Debug */,
				8EA2D7AD1D64D5B800B4CAA0 /* Release */,
			);
			defaultConfigurationIsVisible = 0;
			defaultConfigurationName = Release;
		};
		8EA2D7AE1D64D5B800B4CAA0 /* Build configuration list for PBXNativeTarget "TechFactsTests" */ = {
			isa = XCConfigurationList;
			buildConfigurations = (
				8EA2D7AF1D64D5B800B4CAA0 /* Debug */,
				8EA2D7B01D64D5B800B4CAA0 /* Release */,
			);
			defaultConfigurationIsVisible = 0;
			defaultConfigurationName = Release;
		};
		8EA2D7B11D64D5B800B4CAA0 /* Build configuration list for PBXNativeTarget "TechFactsUITests" */ = {
			isa = XCConfigurationList;
			buildConfigurations = (
				8EA2D7B21D64D5B800B4CAA0 /* Debug */,
				8EA2D7B31D64D5B800B4CAA0 /* Release */,
			);
			defaultConfigurationIsVisible = 0;
			defaultConfigurationName = Release;
		};
/* End XCConfigurationList section */
	};
	rootObject = 8EA2D77B1D64D5B800B4CAA0 /* Project object */;
}
